// !$*UTF8*$!
{
	archiveVersion = 1;
	classes = {
	};
	objectVersion = 56;
	objects = {

/* Begin PBXBuildFile section */
		67466D8D293B7F24009B9750 /* RootNVC.swift in Sources */ = {isa = PBXBuildFile; fileRef = 67466D8C293B7F24009B9750 /* RootNVC.swift */; };
		67466D91293B9558009B9750 /* Image+Ext.swift in Sources */ = {isa = PBXBuildFile; fileRef = 67466D90293B9558009B9750 /* Image+Ext.swift */; };
		67466D93293B9578009B9750 /* CropIdentityPhotoViewModel.swift in Sources */ = {isa = PBXBuildFile; fileRef = 67466D92293B9578009B9750 /* CropIdentityPhotoViewModel.swift */; };
		676F6BB0293A51DB00D2E4E8 /* AppDelegate.swift in Sources */ = {isa = PBXBuildFile; fileRef = 676F6BAF293A51DB00D2E4E8 /* AppDelegate.swift */; };
		676F6BB2293A51DB00D2E4E8 /* SceneDelegate.swift in Sources */ = {isa = PBXBuildFile; fileRef = 676F6BB1293A51DB00D2E4E8 /* SceneDelegate.swift */; };
		676F6BB4293A51DB00D2E4E8 /* CropIdentityPhotoVC.swift in Sources */ = {isa = PBXBuildFile; fileRef = 676F6BB3293A51DB00D2E4E8 /* CropIdentityPhotoVC.swift */; };
		676F6BB7293A51DB00D2E4E8 /* Main.storyboard in Resources */ = {isa = PBXBuildFile; fileRef = 676F6BB5293A51DB00D2E4E8 /* Main.storyboard */; };
		676F6BB9293A51DE00D2E4E8 /* Assets.xcassets in Resources */ = {isa = PBXBuildFile; fileRef = 676F6BB8293A51DE00D2E4E8 /* Assets.xcassets */; };
		676F6BBC293A51DE00D2E4E8 /* LaunchScreen.storyboard in Resources */ = {isa = PBXBuildFile; fileRef = 676F6BBA293A51DE00D2E4E8 /* LaunchScreen.storyboard */; };
		676F6BC6293A79D400D2E4E8 /* IdentityImageVC.swift in Sources */ = {isa = PBXBuildFile; fileRef = 676F6BC5293A79D400D2E4E8 /* IdentityImageVC.swift */; };
/* End PBXBuildFile section */

/* Begin PBXFileReference section */
		67466D8C293B7F24009B9750 /* RootNVC.swift */ = {isa = PBXFileReference; lastKnownFileType = sourcecode.swift; path = RootNVC.swift; sourceTree = "<group>"; };
		67466D90293B9558009B9750 /* Image+Ext.swift */ = {isa = PBXFileReference; lastKnownFileType = sourcecode.swift; path = "Image+Ext.swift"; sourceTree = "<group>"; };
		67466D92293B9578009B9750 /* CropIdentityPhotoViewModel.swift */ = {isa = PBXFileReference; lastKnownFileType = sourcecode.swift; path = CropIdentityPhotoViewModel.swift; sourceTree = "<group>"; };
		676F6BAC293A51DB00D2E4E8 /* FaceDetection.app */ = {isa = PBXFileReference; explicitFileType = wrapper.application; includeInIndex = 0; path = FaceDetection.app; sourceTree = BUILT_PRODUCTS_DIR; };
		676F6BAF293A51DB00D2E4E8 /* AppDelegate.swift */ = {isa = PBXFileReference; lastKnownFileType = sourcecode.swift; path = AppDelegate.swift; sourceTree = "<group>"; };
		676F6BB1293A51DB00D2E4E8 /* SceneDelegate.swift */ = {isa = PBXFileReference; lastKnownFileType = sourcecode.swift; path = SceneDelegate.swift; sourceTree = "<group>"; };
		676F6BB3293A51DB00D2E4E8 /* CropIdentityPhotoVC.swift */ = {isa = PBXFileReference; lastKnownFileType = sourcecode.swift; path = CropIdentityPhotoVC.swift; sourceTree = "<group>"; };
		676F6BB6293A51DB00D2E4E8 /* Base */ = {isa = PBXFileReference; lastKnownFileType = file.storyboard; name = Base; path = Base.lproj/Main.storyboard; sourceTree = "<group>"; };
		676F6BB8293A51DE00D2E4E8 /* Assets.xcassets */ = {isa = PBXFileReference; lastKnownFileType = folder.assetcatalog; path = Assets.xcassets; sourceTree = "<group>"; };
		676F6BBB293A51DE00D2E4E8 /* Base */ = {isa = PBXFileReference; lastKnownFileType = file.storyboard; name = Base; path = Base.lproj/LaunchScreen.storyboard; sourceTree = "<group>"; };
		676F6BBD293A51DE00D2E4E8 /* Info.plist */ = {isa = PBXFileReference; lastKnownFileType = text.plist.xml; path = Info.plist; sourceTree = "<group>"; };
		676F6BC5293A79D400D2E4E8 /* IdentityImageVC.swift */ = {isa = PBXFileReference; lastKnownFileType = sourcecode.swift; path = IdentityImageVC.swift; sourceTree = "<group>"; };
/* End PBXFileReference section */

/* Begin PBXFrameworksBuildPhase section */
		676F6BA9293A51DB00D2E4E8 /* Frameworks */ = {
			isa = PBXFrameworksBuildPhase;
			buildActionMask = 2147483647;
			files = (
			);
			runOnlyForDeploymentPostprocessing = 0;
		};
/* End PBXFrameworksBuildPhase section */

/* Begin PBXGroup section */
		67466D94293B95A3009B9750 /* CropIdentityPhoto */ = {
			isa = PBXGroup;
			children = (
				67466D8C293B7F24009B9750 /* RootNVC.swift */,
				676F6BB3293A51DB00D2E4E8 /* CropIdentityPhotoVC.swift */,
				67466D92293B9578009B9750 /* CropIdentityPhotoViewModel.swift */,
			);
			path = CropIdentityPhoto;
			sourceTree = "<group>";
		};
		67466D95293B95AE009B9750 /* App */ = {
			isa = PBXGroup;
			children = (
				676F6BB1293A51DB00D2E4E8 /* SceneDelegate.swift */,
				676F6BAF293A51DB00D2E4E8 /* AppDelegate.swift */,
			);
			path = App;
			sourceTree = "<group>";
		};
		67466D96293B95BA009B9750 /* Resources */ = {
			isa = PBXGroup;
			children = (
				676F6BBA293A51DE00D2E4E8 /* LaunchScreen.storyboard */,
				676F6BB5293A51DB00D2E4E8 /* Main.storyboard */,
				676F6BB8293A51DE00D2E4E8 /* Assets.xcassets */,
			);
			path = Resources;
			sourceTree = "<group>";
		};
		67466D97293B95D5009B9750 /* Extensions */ = {
			isa = PBXGroup;
			children = (
				67466D90293B9558009B9750 /* Image+Ext.swift */,
			);
			path = Extensions;
			sourceTree = "<group>";
		};
		67466D98293B95E5009B9750 /* ShowPhoto */ = {
			isa = PBXGroup;
			children = (
				676F6BC5293A79D400D2E4E8 /* IdentityImageVC.swift */,
			);
			path = ShowPhoto;
			sourceTree = "<group>";
		};
		676F6BA3293A51DB00D2E4E8 = {
			isa = PBXGroup;
			children = (
				676F6BAE293A51DB00D2E4E8 /* FaceDetection */,
				676F6BAD293A51DB00D2E4E8 /* Products */,
			);
			sourceTree = "<group>";
		};
		676F6BAD293A51DB00D2E4E8 /* Products */ = {
			isa = PBXGroup;
			children = (
				676F6BAC293A51DB00D2E4E8 /* FaceDetection.app */,
			);
			name = Products;
			sourceTree = "<group>";
		};
		676F6BAE293A51DB00D2E4E8 /* FaceDetection */ = {
			isa = PBXGroup;
			children = (
				67466D95293B95AE009B9750 /* App */,
				67466D94293B95A3009B9750 /* CropIdentityPhoto */,
				67466D98293B95E5009B9750 /* ShowPhoto */,
				67466D97293B95D5009B9750 /* Extensions */,
				676F6BBD293A51DE00D2E4E8 /* Info.plist */,
				67466D96293B95BA009B9750 /* Resources */,
			);
			path = FaceDetection;
			sourceTree = "<group>";
		};
/* End PBXGroup section */

/* Begin PBXNativeTarget section */
		676F6BAB293A51DB00D2E4E8 /* FaceDetection */ = {
			isa = PBXNativeTarget;
			buildConfigurationList = 676F6BC0293A51DE00D2E4E8 /* Build configuration list for PBXNativeTarget "FaceDetection" */;
			buildPhases = (
				676F6BA8293A51DB00D2E4E8 /* Sources */,
				676F6BA9293A51DB00D2E4E8 /* Frameworks */,
				676F6BAA293A51DB00D2E4E8 /* Resources */,
			);
			buildRules = (
			);
			dependencies = (
			);
			name = FaceDetection;
			productName = FaceDetection;
			productReference = 676F6BAC293A51DB00D2E4E8 /* FaceDetection.app */;
			productType = "com.apple.product-type.application";
		};
/* End PBXNativeTarget section */

/* Begin PBXProject section */
		676F6BA4293A51DB00D2E4E8 /* Project object */ = {
			isa = PBXProject;
			attributes = {
				BuildIndependentTargetsInParallel = 1;
				LastSwiftUpdateCheck = 1400;
				LastUpgradeCheck = 1400;
				TargetAttributes = {
					676F6BAB293A51DB00D2E4E8 = {
						CreatedOnToolsVersion = 14.0;
					};
				};
			};
			buildConfigurationList = 676F6BA7293A51DB00D2E4E8 /* Build configuration list for PBXProject "FaceDetection" */;
			compatibilityVersion = "Xcode 14.0";
			developmentRegion = en;
			hasScannedForEncodings = 0;
			knownRegions = (
				en,
				Base,
			);
			mainGroup = 676F6BA3293A51DB00D2E4E8;
			productRefGroup = 676F6BAD293A51DB00D2E4E8 /* Products */;
			projectDirPath = "";
			projectRoot = "";
			targets = (
				676F6BAB293A51DB00D2E4E8 /* FaceDetection */,
			);
		};
/* End PBXProject section */

/* Begin PBXResourcesBuildPhase section */
		676F6BAA293A51DB00D2E4E8 /* Resources */ = {
			isa = PBXResourcesBuildPhase;
			buildActionMask = 2147483647;
			files = (
				676F6BBC293A51DE00D2E4E8 /* LaunchScreen.storyboard in Resources */,
				676F6BB9293A51DE00D2E4E8 /* Assets.xcassets in Resources */,
				676F6BB7293A51DB00D2E4E8 /* Main.storyboard in Resources */,
			);
			runOnlyForDeploymentPostprocessing = 0;
		};
/* End PBXResourcesBuildPhase section */

/* Begin PBXSourcesBuildPhase section */
		676F6BA8293A51DB00D2E4E8 /* Sources */ = {
			isa = PBXSourcesBuildPhase;
			buildActionMask = 2147483647;
			files = (
				67466D93293B9578009B9750 /* CropIdentityPhotoViewModel.swift in Sources */,
				676F6BC6293A79D400D2E4E8 /* IdentityImageVC.swift in Sources */,
				676F6BB4293A51DB00D2E4E8 /* CropIdentityPhotoVC.swift in Sources */,
				676F6BB0293A51DB00D2E4E8 /* AppDelegate.swift in Sources */,
				676F6BB2293A51DB00D2E4E8 /* SceneDelegate.swift in Sources */,
				67466D8D293B7F24009B9750 /* RootNVC.swift in Sources */,
				67466D91293B9558009B9750 /* Image+Ext.swift in Sources */,
			);
			runOnlyForDeploymentPostprocessing = 0;
		};
/* End PBXSourcesBuildPhase section */

/* Begin PBXVariantGroup section */
		676F6BB5293A51DB00D2E4E8 /* Main.storyboard */ = {
			isa = PBXVariantGroup;
			children = (
				676F6BB6293A51DB00D2E4E8 /* Base */,
			);
			name = Main.storyboard;
			sourceTree = "<group>";
		};
		676F6BBA293A51DE00D2E4E8 /* LaunchScreen.storyboard */ = {
			isa = PBXVariantGroup;
			children = (
				676F6BBB293A51DE00D2E4E8 /* Base */,
			);
			name = LaunchScreen.storyboard;
			sourceTree = "<group>";
		};
/* End PBXVariantGroup section */

/* Begin XCBuildConfiguration section */
		676F6BBE293A51DE00D2E4E8 /* Debug */ = {
			isa = XCBuildConfiguration;
			buildSettings = {
				ALWAYS_SEARCH_USER_PATHS = NO;
				CLANG_ANALYZER_NONNULL = YES;
				CLANG_ANALYZER_NUMBER_OBJECT_CONVERSION = YES_AGGRESSIVE;
				CLANG_CXX_LANGUAGE_STANDARD = "gnu++20";
				CLANG_ENABLE_MODULES = YES;
				CLANG_ENABLE_OBJC_ARC = YES;
				CLANG_ENABLE_OBJC_WEAK = YES;
				CLANG_WARN_BLOCK_CAPTURE_AUTORELEASING = YES;
				CLANG_WARN_BOOL_CONVERSION = YES;
				CLANG_WARN_COMMA = YES;
				CLANG_WARN_CONSTANT_CONVERSION = YES;
				CLANG_WARN_DEPRECATED_OBJC_IMPLEMENTATIONS = YES;
				CLANG_WARN_DIRECT_OBJC_ISA_USAGE = YES_ERROR;
				CLANG_WARN_DOCUMENTATION_COMMENTS = YES;
				CLANG_WARN_EMPTY_BODY = YES;
				CLANG_WARN_ENUM_CONVERSION = YES;
				CLANG_WARN_INFINITE_RECURSION = YES;
				CLANG_WARN_INT_CONVERSION = YES;
				CLANG_WARN_NON_LITERAL_NULL_CONVERSION = YES;
				CLANG_WARN_OBJC_IMPLICIT_RETAIN_SELF = YES;
				CLANG_WARN_OBJC_LITERAL_CONVERSION = YES;
				CLANG_WARN_OBJC_ROOT_CLASS = YES_ERROR;
				CLANG_WARN_QUOTED_INCLUDE_IN_FRAMEWORK_HEADER = YES;
				CLANG_WARN_RANGE_LOOP_ANALYSIS = YES;
				CLANG_WARN_STRICT_PROTOTYPES = YES;
				CLANG_WARN_SUSPICIOUS_MOVE = YES;
				CLANG_WARN_UNGUARDED_AVAILABILITY = YES_AGGRESSIVE;
				CLANG_WARN_UNREACHABLE_CODE = YES;
				CLANG_WARN__DUPLICATE_METHOD_MATCH = YES;
				COPY_PHASE_STRIP = NO;
				DEBUG_INFORMATION_FORMAT = dwarf;
				ENABLE_STRICT_OBJC_MSGSEND = YES;
				ENABLE_TESTABILITY = YES;
				GCC_C_LANGUAGE_STANDARD = gnu11;
				GCC_DYNAMIC_NO_PIC = NO;
				GCC_NO_COMMON_BLOCKS = YES;
				GCC_OPTIMIZATION_LEVEL = 0;
				GCC_PREPROCESSOR_DEFINITIONS = (
					"DEBUG=1",
					"$(inherited)",
				);
				GCC_WARN_64_TO_32_BIT_CONVERSION = YES;
				GCC_WARN_ABOUT_RETURN_TYPE = YES_ERROR;
				GCC_WARN_UNDECLARED_SELECTOR = YES;
				GCC_WARN_UNINITIALIZED_AUTOS = YES_AGGRESSIVE;
				GCC_WARN_UNUSED_FUNCTION = YES;
				GCC_WARN_UNUSED_VARIABLE = YES;
				IPHONEOS_DEPLOYMENT_TARGET = 16.0;
				MTL_ENABLE_DEBUG_INFO = INCLUDE_SOURCE;
				MTL_FAST_MATH = YES;
				ONLY_ACTIVE_ARCH = YES;
				SDKROOT = iphoneos;
				SWIFT_ACTIVE_COMPILATION_CONDITIONS = DEBUG;
				SWIFT_OPTIMIZATION_LEVEL = "-Onone";
			};
			name = Debug;
		};
		676F6BBF293A51DE00D2E4E8 /* Release */ = {
			isa = XCBuildConfiguration;
			buildSettings = {
				ALWAYS_SEARCH_USER_PATHS = NO;
				CLANG_ANALYZER_NONNULL = YES;
				CLANG_ANALYZER_NUMBER_OBJECT_CONVERSION = YES_AGGRESSIVE;
				CLANG_CXX_LANGUAGE_STANDARD = "gnu++20";
				CLANG_ENABLE_MODULES = YES;
				CLANG_ENABLE_OBJC_ARC = YES;
				CLANG_ENABLE_OBJC_WEAK = YES;
				CLANG_WARN_BLOCK_CAPTURE_AUTORELEASING = YES;
				CLANG_WARN_BOOL_CONVERSION = YES;
				CLANG_WARN_COMMA = YES;
				CLANG_WARN_CONSTANT_CONVERSION = YES;
				CLANG_WARN_DEPRECATED_OBJC_IMPLEMENTATIONS = YES;
				CLANG_WARN_DIRECT_OBJC_ISA_USAGE = YES_ERROR;
				CLANG_WARN_DOCUMENTATION_COMMENTS = YES;
				CLANG_WARN_EMPTY_BODY = YES;
				CLANG_WARN_ENUM_CONVERSION = YES;
				CLANG_WARN_INFINITE_RECURSION = YES;
				CLANG_WARN_INT_CONVERSION = YES;
				CLANG_WARN_NON_LITERAL_NULL_CONVERSION = YES;
				CLANG_WARN_OBJC_IMPLICIT_RETAIN_SELF = YES;
				CLANG_WARN_OBJC_LITERAL_CONVERSION = YES;
				CLANG_WARN_OBJC_ROOT_CLASS = YES_ERROR;
				CLANG_WARN_QUOTED_INCLUDE_IN_FRAMEWORK_HEADER = YES;
				CLANG_WARN_RANGE_LOOP_ANALYSIS = YES;
				CLANG_WARN_STRICT_PROTOTYPES = YES;
				CLANG_WARN_SUSPICIOUS_MOVE = YES;
				CLANG_WARN_UNGUARDED_AVAILABILITY = YES_AGGRESSIVE;
				CLANG_WARN_UNREACHABLE_CODE = YES;
				CLANG_WARN__DUPLICATE_METHOD_MATCH = YES;
				COPY_PHASE_STRIP = NO;
				DEBUG_INFORMATION_FORMAT = "dwarf-with-dsym";
				ENABLE_NS_ASSERTIONS = NO;
				ENABLE_STRICT_OBJC_MSGSEND = YES;
				GCC_C_LANGUAGE_STANDARD = gnu11;
				GCC_NO_COMMON_BLOCKS = YES;
				GCC_WARN_64_TO_32_BIT_CONVERSION = YES;
				GCC_WARN_ABOUT_RETURN_TYPE = YES_ERROR;
				GCC_WARN_UNDECLARED_SELECTOR = YES;
				GCC_WARN_UNINITIALIZED_AUTOS = YES_AGGRESSIVE;
				GCC_WARN_UNUSED_FUNCTION = YES;
				GCC_WARN_UNUSED_VARIABLE = YES;
				IPHONEOS_DEPLOYMENT_TARGET = 16.0;
				MTL_ENABLE_DEBUG_INFO = NO;
				MTL_FAST_MATH = YES;
				SDKROOT = iphoneos;
				SWIFT_COMPILATION_MODE = wholemodule;
				SWIFT_OPTIMIZATION_LEVEL = "-O";
				VALIDATE_PRODUCT = YES;
			};
			name = Release;
		};
		676F6BC1293A51DE00D2E4E8 /* Debug */ = {
			isa = XCBuildConfiguration;
			buildSettings = {
				ASSETCATALOG_COMPILER_APPICON_NAME = AppIcon;
				ASSETCATALOG_COMPILER_GLOBAL_ACCENT_COLOR_NAME = AccentColor;
				CODE_SIGN_STYLE = Automatic;
				CURRENT_PROJECT_VERSION = 1;
				DEVELOPMENT_TEAM = KWP22258YG;
				GENERATE_INFOPLIST_FILE = YES;
				INFOPLIST_FILE = FaceDetection/Info.plist;
				INFOPLIST_KEY_CFBundleDisplayName = "Face Detection";
				INFOPLIST_KEY_NSCameraUsageDescription = "This app requires a feed from the back cam, so it can track your face.";
				INFOPLIST_KEY_UIApplicationSupportsIndirectInputEvents = YES;
				INFOPLIST_KEY_UILaunchStoryboardName = LaunchScreen.storyboard;
				INFOPLIST_KEY_UIMainStoryboardFile = Main;
				INFOPLIST_KEY_UISupportedInterfaceOrientations = UIInterfaceOrientationPortrait;
				LD_RUNPATH_SEARCH_PATHS = (
					"$(inherited)",
					"@executable_path/Frameworks",
				);
				MARKETING_VERSION = 1.0;
				PRODUCT_BUNDLE_IDENTIFIER = com.pasli.FaceDetection;
				PRODUCT_NAME = "$(TARGET_NAME)";
				SUPPORTED_PLATFORMS = "iphoneos iphonesimulator";
				SUPPORTS_MACCATALYST = NO;
				SUPPORTS_MAC_DESIGNED_FOR_IPHONE_IPAD = NO;
				SWIFT_EMIT_LOC_STRINGS = YES;
				SWIFT_VERSION = 5.0;
				TARGETED_DEVICE_FAMILY = 1;
			};
			name = Debug;
		};
		676F6BC2293A51DE00D2E4E8 /* Release */ = {
			isa = XCBuildConfiguration;
			buildSettings = {
				ASSETCATALOG_COMPILER_APPICON_NAME = AppIcon;
				ASSETCATALOG_COMPILER_GLOBAL_ACCENT_COLOR_NAME = AccentColor;
				CODE_SIGN_STYLE = Automatic;
				CURRENT_PROJECT_VERSION = 1;
				DEVELOPMENT_TEAM = KWP22258YG;
				GENERATE_INFOPLIST_FILE = YES;
				INFOPLIST_FILE = FaceDetection/Info.plist;
				INFOPLIST_KEY_CFBundleDisplayName = "Face Detection";
				INFOPLIST_KEY_NSCameraUsageDescription = "This app requires a feed from the back cam, so it can track your face.";
				INFOPLIST_KEY_UIApplicationSupportsIndirectInputEvents = YES;
				INFOPLIST_KEY_UILaunchStoryboardName = LaunchScreen.storyboard;
				INFOPLIST_KEY_UIMainStoryboardFile = Main;
				INFOPLIST_KEY_UISupportedInterfaceOrientations = UIInterfaceOrientationPortrait;
				LD_RUNPATH_SEARCH_PATHS = (
					"$(inherited)",
					"@executable_path/Frameworks",
				);
				MARKETING_VERSION = 1.0;
				PRODUCT_BUNDLE_IDENTIFIER = com.pasli.FaceDetection;
				PRODUCT_NAME = "$(TARGET_NAME)";
				SUPPORTED_PLATFORMS = "iphoneos iphonesimulator";
				SUPPORTS_MACCATALYST = NO;
				SUPPORTS_MAC_DESIGNED_FOR_IPHONE_IPAD = NO;
				SWIFT_EMIT_LOC_STRINGS = YES;
				SWIFT_VERSION = 5.0;
				TARGETED_DEVICE_FAMILY = 1;
			};
			name = Release;
		};
/* End XCBuildConfiguration section */

/* Begin XCConfigurationList section */
		676F6BA7293A51DB00D2E4E8 /* Build configuration list for PBXProject "FaceDetection" */ = {
			isa = XCConfigurationList;
			buildConfigurations = (
				676F6BBE293A51DE00D2E4E8 /* Debug */,
				676F6BBF293A51DE00D2E4E8 /* Release */,
			);
			defaultConfigurationIsVisible = 0;
			defaultConfigurationName = Release;
		};
		676F6BC0293A51DE00D2E4E8 /* Build configuration list for PBXNativeTarget "FaceDetection" */ = {
			isa = XCConfigurationList;
			buildConfigurations = (
				676F6BC1293A51DE00D2E4E8 /* Debug */,
				676F6BC2293A51DE00D2E4E8 /* Release */,
			);
			defaultConfigurationIsVisible = 0;
			defaultConfigurationName = Release;
		};
/* End XCConfigurationList section */
	};
	rootObject = 676F6BA4293A51DB00D2E4E8 /* Project object */;
}
